
Microsoft Visual Studio Solution File, Format Version 12.00
Project("{FAE04EC0-301F-11D3-BF4B-00C04F79EFBC}") = "DistributeurBoisson", "DistributeurBoisson\DistributeurBoisson.csproj", "{DB72790A-5466-41B5-B299-DCD0A60B4E76}"
EndProject
Project("{FAE04EC0-301F-11D3-BF4B-00C04F79EFBC}") = "DistributeurBoisson.Tester", "DistributeurBoisson.Tester\DistributeurBoisson.Tester.csproj", "{C8AB16E6-E2F6-4350-85F0-BB8779629B54}"
EndProject
Global
	GlobalSection(SolutionConfigurationPlatforms) = preSolution
		Debug|Any CPU = Debug|Any CPU
		Release|Any CPU = Release|Any CPU
	EndGlobalSection
	GlobalSection(ProjectConfigurationPlatforms) = postSolution
		{DB72790A-5466-41B5-B299-DCD0A60B4E76}.Debug|Any CPU.ActiveCfg = Debug|Any CPU
		{DB72790A-5466-41B5-B299-DCD0A60B4E76}.Debug|Any CPU.Build.0 = Debug|Any CPU
		{DB72790A-5466-41B5-B299-DCD0A60B4E76}.Release|Any CPU.ActiveCfg = Release|Any CPU
		{DB72790A-5466-41B5-B299-DCD0A60B4E76}.Release|Any CPU.Build.0 = Release|Any CPU
		{C8AB16E6-E2F6-4350-85F0-BB8779629B54}.Debug|Any CPU.ActiveCfg = Debug|Any CPU
		{C8AB16E6-E2F6-4350-85F0-BB8779629B54}.Debug|Any CPU.Build.0 = Debug|Any CPU
		{C8AB16E6-E2F6-4350-85F0-BB8779629B54}.Release|Any CPU.ActiveCfg = Release|Any CPU
		{C8AB16E6-E2F6-4350-85F0-BB8779629B54}.Release|Any CPU.Build.0 = Release|Any CPU
	EndGlobalSection
EndGlobal
